
Microsoft Visual Studio Solution File, Format Version 12.00
Project("{FAE04EC0-301F-11D3-BF4B-00C04F79EFBC}") = "pokedex-poller", "pokedex-poller\pokedex-poller.csproj", "{5514FADF-9C37-4F09-BB4E-736D787F0818}"
EndProject
Project("{FAE04EC0-301F-11D3-BF4B-00C04F79EFBC}") = "pokedex-api", "pokedex-api\pokedex-api.csproj", "{E77FA122-68D3-493D-BF6F-B8DCFB947AF6}"
EndProject
Project("{FAE04EC0-301F-11D3-BF4B-00C04F79EFBC}") = "pokedex-unit-test", "pokedex-unit-test\pokedex-unit-test.csproj", "{7ED6F76B-A901-4534-B2C3-0E20B7A26939}"
EndProject
Project("{FAE04EC0-301F-11D3-BF4B-00C04F79EFBC}") = "pokedex-ui", "pokedex-ui\pokedex-ui.csproj", "{A366B6BE-B8F5-426E-9C42-6F7ED3159952}"
EndProject
Project("{FAE04EC0-301F-11D3-BF4B-00C04F79EFBC}") = "pokedex-shared", "pokedex-shared\pokedex-shared.csproj", "{A9BF14C2-8E97-40BF-96AA-C239AF42B303}"
EndProject
Global
	GlobalSection(SolutionConfigurationPlatforms) = preSolution
		Debug|Any CPU = Debug|Any CPU
		Release|Any CPU = Release|Any CPU
	EndGlobalSection
	GlobalSection(ProjectConfigurationPlatforms) = postSolution
		{5514FADF-9C37-4F09-BB4E-736D787F0818}.Debug|Any CPU.ActiveCfg = Debug|Any CPU
		{5514FADF-9C37-4F09-BB4E-736D787F0818}.Debug|Any CPU.Build.0 = Debug|Any CPU
		{5514FADF-9C37-4F09-BB4E-736D787F0818}.Release|Any CPU.ActiveCfg = Release|Any CPU
		{5514FADF-9C37-4F09-BB4E-736D787F0818}.Release|Any CPU.Build.0 = Release|Any CPU
		{E77FA122-68D3-493D-BF6F-B8DCFB947AF6}.Debug|Any CPU.ActiveCfg = Debug|Any CPU
		{E77FA122-68D3-493D-BF6F-B8DCFB947AF6}.Debug|Any CPU.Build.0 = Debug|Any CPU
		{E77FA122-68D3-493D-BF6F-B8DCFB947AF6}.Release|Any CPU.ActiveCfg = Release|Any CPU
		{E77FA122-68D3-493D-BF6F-B8DCFB947AF6}.Release|Any CPU.Build.0 = Release|Any CPU
		{7ED6F76B-A901-4534-B2C3-0E20B7A26939}.Debug|Any CPU.ActiveCfg = Debug|Any CPU
		{7ED6F76B-A901-4534-B2C3-0E20B7A26939}.Debug|Any CPU.Build.0 = Debug|Any CPU
		{7ED6F76B-A901-4534-B2C3-0E20B7A26939}.Release|Any CPU.ActiveCfg = Release|Any CPU
		{7ED6F76B-A901-4534-B2C3-0E20B7A26939}.Release|Any CPU.Build.0 = Release|Any CPU
		{A366B6BE-B8F5-426E-9C42-6F7ED3159952}.Debug|Any CPU.ActiveCfg = Debug|Any CPU
		{A366B6BE-B8F5-426E-9C42-6F7ED3159952}.Debug|Any CPU.Build.0 = Debug|Any CPU
		{A366B6BE-B8F5-426E-9C42-6F7ED3159952}.Release|Any CPU.ActiveCfg = Release|Any CPU
		{A366B6BE-B8F5-426E-9C42-6F7ED3159952}.Release|Any CPU.Build.0 = Release|Any CPU
		{A9BF14C2-8E97-40BF-96AA-C239AF42B303}.Debug|Any CPU.ActiveCfg = Debug|Any CPU
		{A9BF14C2-8E97-40BF-96AA-C239AF42B303}.Debug|Any CPU.Build.0 = Debug|Any CPU
		{A9BF14C2-8E97-40BF-96AA-C239AF42B303}.Release|Any CPU.ActiveCfg = Release|Any CPU
		{A9BF14C2-8E97-40BF-96AA-C239AF42B303}.Release|Any CPU.Build.0 = Release|Any CPU
	EndGlobalSection
EndGlobal
